// !$*UTF8*$!
{
	archiveVersion = 1;
	classes = {
	};
	objectVersion = 50;
	objects = {

/* Begin PBXBuildFile section */
		3B0FD8BD250FC0DF007A0D2F /* FetchType.swift in Sources */ = {isa = PBXBuildFile; fileRef = 3B0FD8BC250FC0DF007A0D2F /* FetchType.swift */; };
		3B0FD8BF250FC0E8007A0D2F /* SortType.swift in Sources */ = {isa = PBXBuildFile; fileRef = 3B0FD8BE250FC0E8007A0D2F /* SortType.swift */; };
		3B0FD8C1250FC0F2007A0D2F /* SortTags.swift in Sources */ = {isa = PBXBuildFile; fileRef = 3B0FD8C0250FC0F2007A0D2F /* SortTags.swift */; };
		3B0FD8C3250FC0FA007A0D2F /* SortQuestions.swift in Sources */ = {isa = PBXBuildFile; fileRef = 3B0FD8C2250FC0FA007A0D2F /* SortQuestions.swift */; };
		3B0FD8C5250FC105007A0D2F /* SortAnswers.swift in Sources */ = {isa = PBXBuildFile; fileRef = 3B0FD8C4250FC105007A0D2F /* SortAnswers.swift */; };
		3B0FD8C8250FC12B007A0D2F /* Query.swift in Sources */ = {isa = PBXBuildFile; fileRef = 3B0FD8C7250FC12B007A0D2F /* Query.swift */; };
		3B0FD8CE2510FDEF007A0D2F /* ItemProtocol.swift in Sources */ = {isa = PBXBuildFile; fileRef = 3B0FD8CD2510FDEF007A0D2F /* ItemProtocol.swift */; };
		3B0FD8D125117B62007A0D2F /* String.swift in Sources */ = {isa = PBXBuildFile; fileRef = 3B0FD8D025117B62007A0D2F /* String.swift */; };
		3B0FD8D325125C6A007A0D2F /* DetailView.swift in Sources */ = {isa = PBXBuildFile; fileRef = 3B0FD8D225125C6A007A0D2F /* DetailView.swift */; };
		3B0FD8D525125C72007A0D2F /* DetailController.swift in Sources */ = {isa = PBXBuildFile; fileRef = 3B0FD8D425125C72007A0D2F /* DetailController.swift */; };
		3B0FD8EB2514C47B007A0D2F /* UIViewController.swift in Sources */ = {isa = PBXBuildFile; fileRef = 3B0FD8EA2514C47B007A0D2F /* UIViewController.swift */; };
		3B2C4BA72517F15300DBD898 /* SeparatorView.swift in Sources */ = {isa = PBXBuildFile; fileRef = 3B2C4BA62517F15300DBD898 /* SeparatorView.swift */; };
		3B2C4BA92517F1B000DBD898 /* TitleLabel.swift in Sources */ = {isa = PBXBuildFile; fileRef = 3B2C4BA82517F1B000DBD898 /* TitleLabel.swift */; };
		3B2C4BAB2517F24600DBD898 /* ShowAnswersButton.swift in Sources */ = {isa = PBXBuildFile; fileRef = 3B2C4BAA2517F24600DBD898 /* ShowAnswersButton.swift */; };
		3B2C4BAD2517F2A100DBD898 /* ContentLabel.swift in Sources */ = {isa = PBXBuildFile; fileRef = 3B2C4BAC2517F2A100DBD898 /* ContentLabel.swift */; };
		3B58FF8F2519410600C9B277 /* UIView.swift in Sources */ = {isa = PBXBuildFile; fileRef = 3B58FF8E2519410600C9B277 /* UIView.swift */; };
		3BB391AC251699B5004C6FB7 /* NSAttributedString.swift in Sources */ = {isa = PBXBuildFile; fileRef = 3BB391AB251699B5004C6FB7 /* NSAttributedString.swift */; };
		3BB391AF2516A21C004C6FB7 /* AnswerView.swift in Sources */ = {isa = PBXBuildFile; fileRef = 3BB391AE2516A21C004C6FB7 /* AnswerView.swift */; };
		3BB391B12516A226004C6FB7 /* AnswerController.swift in Sources */ = {isa = PBXBuildFile; fileRef = 3BB391B02516A226004C6FB7 /* AnswerController.swift */; };
		3BB391B32516A22E004C6FB7 /* AnswerPresenter.swift in Sources */ = {isa = PBXBuildFile; fileRef = 3BB391B22516A22E004C6FB7 /* AnswerPresenter.swift */; };
		3BB391B52516A24E004C6FB7 /* AnswerCell.swift in Sources */ = {isa = PBXBuildFile; fileRef = 3BB391B42516A24E004C6FB7 /* AnswerCell.swift */; };
		3BB391B72516AA02004C6FB7 /* TagView.swift in Sources */ = {isa = PBXBuildFile; fileRef = 3BB391B62516AA01004C6FB7 /* TagView.swift */; };
		3BB391B92516AA2A004C6FB7 /* TagCell.swift in Sources */ = {isa = PBXBuildFile; fileRef = 3BB391B82516AA2A004C6FB7 /* TagCell.swift */; };
		3BD67E47250F80C40091520F /* AppDelegate.swift in Sources */ = {isa = PBXBuildFile; fileRef = 3BD67E46250F80C40091520F /* AppDelegate.swift */; };
		3BD67E49250F80C40091520F /* SceneDelegate.swift in Sources */ = {isa = PBXBuildFile; fileRef = 3BD67E48250F80C40091520F /* SceneDelegate.swift */; };
		3BD67E4E250F80C40091520F /* Main.storyboard in Resources */ = {isa = PBXBuildFile; fileRef = 3BD67E4C250F80C40091520F /* Main.storyboard */; };
		3BD67E50250F80C70091520F /* Assets.xcassets in Resources */ = {isa = PBXBuildFile; fileRef = 3BD67E4F250F80C70091520F /* Assets.xcassets */; };
		3BD67E53250F80C70091520F /* LaunchScreen.storyboard in Resources */ = {isa = PBXBuildFile; fileRef = 3BD67E51250F80C70091520F /* LaunchScreen.storyboard */; };
		3BD67E5F250F81FB0091520F /* QuestionView.swift in Sources */ = {isa = PBXBuildFile; fileRef = 3BD67E5E250F81FB0091520F /* QuestionView.swift */; };
		3BD67E61250F82040091520F /* QuestionController.swift in Sources */ = {isa = PBXBuildFile; fileRef = 3BD67E60250F82040091520F /* QuestionController.swift */; };
		3BD67E63250F820C0091520F /* QuestionPresenter.swift in Sources */ = {isa = PBXBuildFile; fileRef = 3BD67E62250F820C0091520F /* QuestionPresenter.swift */; };
		3BD67E65250F829F0091520F /* QuestionCell.swift in Sources */ = {isa = PBXBuildFile; fileRef = 3BD67E64250F829F0091520F /* QuestionCell.swift */; };
		3BD67E67250FA35B0091520F /* NetworkService.swift in Sources */ = {isa = PBXBuildFile; fileRef = 3BD67E66250FA35B0091520F /* NetworkService.swift */; };
		3BD67E69250FB4300091520F /* QuestionItem.swift in Sources */ = {isa = PBXBuildFile; fileRef = 3BD67E68250FB4300091520F /* QuestionItem.swift */; };
		3BD67E6F250FBA0D0091520F /* AnswerItem.swift in Sources */ = {isa = PBXBuildFile; fileRef = 3BD67E6E250FBA0D0091520F /* AnswerItem.swift */; };
		3BD67E71250FBBD20091520F /* TagItem.swift in Sources */ = {isa = PBXBuildFile; fileRef = 3BD67E70250FBBD20091520F /* TagItem.swift */; };
		3BD67E76250FBD590091520F /* Tag.swift in Sources */ = {isa = PBXBuildFile; fileRef = 3BD67E75250FBD590091520F /* Tag.swift */; };
		3BD67E7A250FBD6E0091520F /* Question.swift in Sources */ = {isa = PBXBuildFile; fileRef = 3BD67E79250FBD6E0091520F /* Question.swift */; };
		3BD67E7C250FBD840091520F /* Answer.swift in Sources */ = {isa = PBXBuildFile; fileRef = 3BD67E7B250FBD840091520F /* Answer.swift */; };
		3BD67E7E250FBD890091520F /* Owner.swift in Sources */ = {isa = PBXBuildFile; fileRef = 3BD67E7D250FBD890091520F /* Owner.swift */; };
/* End PBXBuildFile section */

/* Begin PBXFileReference section */
		3B0FD8BC250FC0DF007A0D2F /* FetchType.swift */ = {isa = PBXFileReference; lastKnownFileType = sourcecode.swift; path = FetchType.swift; sourceTree = "<group>"; };
		3B0FD8BE250FC0E8007A0D2F /* SortType.swift */ = {isa = PBXFileReference; lastKnownFileType = sourcecode.swift; path = SortType.swift; sourceTree = "<group>"; };
		3B0FD8C0250FC0F2007A0D2F /* SortTags.swift */ = {isa = PBXFileReference; lastKnownFileType = sourcecode.swift; path = SortTags.swift; sourceTree = "<group>"; };
		3B0FD8C2250FC0FA007A0D2F /* SortQuestions.swift */ = {isa = PBXFileReference; lastKnownFileType = sourcecode.swift; path = SortQuestions.swift; sourceTree = "<group>"; };
		3B0FD8C4250FC105007A0D2F /* SortAnswers.swift */ = {isa = PBXFileReference; lastKnownFileType = sourcecode.swift; path = SortAnswers.swift; sourceTree = "<group>"; };
		3B0FD8C7250FC12B007A0D2F /* Query.swift */ = {isa = PBXFileReference; lastKnownFileType = sourcecode.swift; path = Query.swift; sourceTree = "<group>"; };
		3B0FD8CD2510FDEF007A0D2F /* ItemProtocol.swift */ = {isa = PBXFileReference; lastKnownFileType = sourcecode.swift; path = ItemProtocol.swift; sourceTree = "<group>"; };
		3B0FD8D025117B62007A0D2F /* String.swift */ = {isa = PBXFileReference; lastKnownFileType = sourcecode.swift; path = String.swift; sourceTree = "<group>"; };
		3B0FD8D225125C6A007A0D2F /* DetailView.swift */ = {isa = PBXFileReference; lastKnownFileType = sourcecode.swift; path = DetailView.swift; sourceTree = "<group>"; };
		3B0FD8D425125C72007A0D2F /* DetailController.swift */ = {isa = PBXFileReference; lastKnownFileType = sourcecode.swift; path = DetailController.swift; sourceTree = "<group>"; };
		3B0FD8EA2514C47B007A0D2F /* UIViewController.swift */ = {isa = PBXFileReference; lastKnownFileType = sourcecode.swift; path = UIViewController.swift; sourceTree = "<group>"; };
		3B2C4BA62517F15300DBD898 /* SeparatorView.swift */ = {isa = PBXFileReference; lastKnownFileType = sourcecode.swift; path = SeparatorView.swift; sourceTree = "<group>"; };
		3B2C4BA82517F1B000DBD898 /* TitleLabel.swift */ = {isa = PBXFileReference; lastKnownFileType = sourcecode.swift; path = TitleLabel.swift; sourceTree = "<group>"; };
		3B2C4BAA2517F24600DBD898 /* ShowAnswersButton.swift */ = {isa = PBXFileReference; lastKnownFileType = sourcecode.swift; path = ShowAnswersButton.swift; sourceTree = "<group>"; };
		3B2C4BAC2517F2A100DBD898 /* ContentLabel.swift */ = {isa = PBXFileReference; lastKnownFileType = sourcecode.swift; path = ContentLabel.swift; sourceTree = "<group>"; };
		3B58FF8E2519410600C9B277 /* UIView.swift */ = {isa = PBXFileReference; lastKnownFileType = sourcecode.swift; path = UIView.swift; sourceTree = "<group>"; };
		3BB391AB251699B5004C6FB7 /* NSAttributedString.swift */ = {isa = PBXFileReference; lastKnownFileType = sourcecode.swift; path = NSAttributedString.swift; sourceTree = "<group>"; };
		3BB391AE2516A21C004C6FB7 /* AnswerView.swift */ = {isa = PBXFileReference; lastKnownFileType = sourcecode.swift; path = AnswerView.swift; sourceTree = "<group>"; };
		3BB391B02516A226004C6FB7 /* AnswerController.swift */ = {isa = PBXFileReference; lastKnownFileType = sourcecode.swift; path = AnswerController.swift; sourceTree = "<group>"; };
		3BB391B22516A22E004C6FB7 /* AnswerPresenter.swift */ = {isa = PBXFileReference; lastKnownFileType = sourcecode.swift; path = AnswerPresenter.swift; sourceTree = "<group>"; };
		3BB391B42516A24E004C6FB7 /* AnswerCell.swift */ = {isa = PBXFileReference; lastKnownFileType = sourcecode.swift; path = AnswerCell.swift; sourceTree = "<group>"; };
		3BB391B62516AA01004C6FB7 /* TagView.swift */ = {isa = PBXFileReference; lastKnownFileType = sourcecode.swift; path = TagView.swift; sourceTree = "<group>"; };
		3BB391B82516AA2A004C6FB7 /* TagCell.swift */ = {isa = PBXFileReference; lastKnownFileType = sourcecode.swift; path = TagCell.swift; sourceTree = "<group>"; };
		3BD67E43250F80C40091520F /* StackOverflow-FAQ.app */ = {isa = PBXFileReference; explicitFileType = wrapper.application; includeInIndex = 0; path = "StackOverflow-FAQ.app"; sourceTree = BUILT_PRODUCTS_DIR; };
		3BD67E46250F80C40091520F /* AppDelegate.swift */ = {isa = PBXFileReference; lastKnownFileType = sourcecode.swift; path = AppDelegate.swift; sourceTree = "<group>"; };
		3BD67E48250F80C40091520F /* SceneDelegate.swift */ = {isa = PBXFileReference; lastKnownFileType = sourcecode.swift; path = SceneDelegate.swift; sourceTree = "<group>"; };
		3BD67E4D250F80C40091520F /* Base */ = {isa = PBXFileReference; lastKnownFileType = file.storyboard; name = Base; path = Base.lproj/Main.storyboard; sourceTree = "<group>"; };
		3BD67E4F250F80C70091520F /* Assets.xcassets */ = {isa = PBXFileReference; lastKnownFileType = folder.assetcatalog; path = Assets.xcassets; sourceTree = "<group>"; };
		3BD67E52250F80C70091520F /* Base */ = {isa = PBXFileReference; lastKnownFileType = file.storyboard; name = Base; path = Base.lproj/LaunchScreen.storyboard; sourceTree = "<group>"; };
		3BD67E54250F80C70091520F /* Info.plist */ = {isa = PBXFileReference; lastKnownFileType = text.plist.xml; path = Info.plist; sourceTree = "<group>"; };
		3BD67E5E250F81FB0091520F /* QuestionView.swift */ = {isa = PBXFileReference; lastKnownFileType = sourcecode.swift; path = QuestionView.swift; sourceTree = "<group>"; };
		3BD67E60250F82040091520F /* QuestionController.swift */ = {isa = PBXFileReference; lastKnownFileType = sourcecode.swift; path = QuestionController.swift; sourceTree = "<group>"; };
		3BD67E62250F820C0091520F /* QuestionPresenter.swift */ = {isa = PBXFileReference; lastKnownFileType = sourcecode.swift; path = QuestionPresenter.swift; sourceTree = "<group>"; };
		3BD67E64250F829F0091520F /* QuestionCell.swift */ = {isa = PBXFileReference; lastKnownFileType = sourcecode.swift; path = QuestionCell.swift; sourceTree = "<group>"; };
		3BD67E66250FA35B0091520F /* NetworkService.swift */ = {isa = PBXFileReference; lastKnownFileType = sourcecode.swift; path = NetworkService.swift; sourceTree = "<group>"; };
		3BD67E68250FB4300091520F /* QuestionItem.swift */ = {isa = PBXFileReference; lastKnownFileType = sourcecode.swift; path = QuestionItem.swift; sourceTree = "<group>"; };
		3BD67E6E250FBA0D0091520F /* AnswerItem.swift */ = {isa = PBXFileReference; lastKnownFileType = sourcecode.swift; path = AnswerItem.swift; sourceTree = "<group>"; };
		3BD67E70250FBBD20091520F /* TagItem.swift */ = {isa = PBXFileReference; lastKnownFileType = sourcecode.swift; path = TagItem.swift; sourceTree = "<group>"; };
		3BD67E75250FBD590091520F /* Tag.swift */ = {isa = PBXFileReference; lastKnownFileType = sourcecode.swift; path = Tag.swift; sourceTree = "<group>"; };
		3BD67E79250FBD6E0091520F /* Question.swift */ = {isa = PBXFileReference; lastKnownFileType = sourcecode.swift; path = Question.swift; sourceTree = "<group>"; };
		3BD67E7B250FBD840091520F /* Answer.swift */ = {isa = PBXFileReference; lastKnownFileType = sourcecode.swift; path = Answer.swift; sourceTree = "<group>"; };
		3BD67E7D250FBD890091520F /* Owner.swift */ = {isa = PBXFileReference; lastKnownFileType = sourcecode.swift; path = Owner.swift; sourceTree = "<group>"; };
/* End PBXFileReference section */

/* Begin PBXFrameworksBuildPhase section */
		3BD67E40250F80C40091520F /* Frameworks */ = {
			isa = PBXFrameworksBuildPhase;
			buildActionMask = 2147483647;
			files = (
			);
			runOnlyForDeploymentPostprocessing = 0;
		};
/* End PBXFrameworksBuildPhase section */

/* Begin PBXGroup section */
		3B0FD8BA250FC0BF007A0D2F /* Library */ = {
			isa = PBXGroup;
			children = (
				3B0FD8CF25117B55007A0D2F /* Extension */,
				3B0FD8BB250FC0CD007A0D2F /* Enum */,
				3BD67E72250FBD1B0091520F /* Entity */,
			);
			path = Library;
			sourceTree = "<group>";
		};
		3B0FD8BB250FC0CD007A0D2F /* Enum */ = {
			isa = PBXGroup;
			children = (
				3B0FD8BC250FC0DF007A0D2F /* FetchType.swift */,
				3B0FD8BE250FC0E8007A0D2F /* SortType.swift */,
				3B0FD8C0250FC0F2007A0D2F /* SortTags.swift */,
				3B0FD8C2250FC0FA007A0D2F /* SortQuestions.swift */,
				3B0FD8C4250FC105007A0D2F /* SortAnswers.swift */,
			);
			path = Enum;
			sourceTree = "<group>";
		};
		3B0FD8C6250FC11F007A0D2F /* Query */ = {
			isa = PBXGroup;
			children = (
				3B0FD8C7250FC12B007A0D2F /* Query.swift */,
			);
			path = Query;
			sourceTree = "<group>";
		};
		3B0FD8CF25117B55007A0D2F /* Extension */ = {
			isa = PBXGroup;
			children = (
				3B0FD8D025117B62007A0D2F /* String.swift */,
				3B0FD8EA2514C47B007A0D2F /* UIViewController.swift */,
				3BB391AB251699B5004C6FB7 /* NSAttributedString.swift */,
				3B58FF8E2519410600C9B277 /* UIView.swift */,
			);
			path = Extension;
			sourceTree = "<group>";
		};
		3B0FD8D825136189007A0D2F /* Question */ = {
			isa = PBXGroup;
			children = (
				3BD67E64250F829F0091520F /* QuestionCell.swift */,
				3BD67E5E250F81FB0091520F /* QuestionView.swift */,
				3BD67E60250F82040091520F /* QuestionController.swift */,
				3BD67E62250F820C0091520F /* QuestionPresenter.swift */,
			);
			path = Question;
			sourceTree = "<group>";
		};
		3B0FD8D925136191007A0D2F /* Detail */ = {
			isa = PBXGroup;
			children = (
				3B0FD8D225125C6A007A0D2F /* DetailView.swift */,
				3B0FD8D425125C72007A0D2F /* DetailController.swift */,
			);
			path = Detail;
			sourceTree = "<group>";
		};
		3B26696825179D9300584A28 /* Tag */ = {
			isa = PBXGroup;
			children = (
				3BB391B82516AA2A004C6FB7 /* TagCell.swift */,
				3BB391B62516AA01004C6FB7 /* TagView.swift */,
			);
			path = Tag;
			sourceTree = "<group>";
		};
		3B2C4BA52517F14400DBD898 /* Components */ = {
			isa = PBXGroup;
			children = (
				3B2C4BA62517F15300DBD898 /* SeparatorView.swift */,
				3B2C4BAA2517F24600DBD898 /* ShowAnswersButton.swift */,
				3B2C4BA82517F1B000DBD898 /* TitleLabel.swift */,
				3B2C4BAC2517F2A100DBD898 /* ContentLabel.swift */,
			);
			path = Components;
			sourceTree = "<group>";
		};
		3B2C4BAE2517FFF000DBD898 /* Networking */ = {
			isa = PBXGroup;
			children = (
				3BD67E66250FA35B0091520F /* NetworkService.swift */,
			);
			path = Networking;
			sourceTree = "<group>";
		};
		3BB391AD2516A1EE004C6FB7 /* Answer */ = {
			isa = PBXGroup;
			children = (
				3BB391B42516A24E004C6FB7 /* AnswerCell.swift */,
				3BB391AE2516A21C004C6FB7 /* AnswerView.swift */,
				3BB391B02516A226004C6FB7 /* AnswerController.swift */,
				3BB391B22516A22E004C6FB7 /* AnswerPresenter.swift */,
			);
			path = Answer;
			sourceTree = "<group>";
		};
		3BD67E3A250F80C40091520F = {
			isa = PBXGroup;
			children = (
				3BD67E45250F80C40091520F /* StackOverflow-FAQ */,
				3BD67E44250F80C40091520F /* Products */,
			);
			sourceTree = "<group>";
		};
		3BD67E44250F80C40091520F /* Products */ = {
			isa = PBXGroup;
			children = (
				3BD67E43250F80C40091520F /* StackOverflow-FAQ.app */,
			);
			name = Products;
			sourceTree = "<group>";
		};
		3BD67E45250F80C40091520F /* StackOverflow-FAQ */ = {
			isa = PBXGroup;
			children = (
				3B2C4BAE2517FFF000DBD898 /* Networking */,
				3B2C4BA52517F14400DBD898 /* Components */,
				3B0FD8BA250FC0BF007A0D2F /* Library */,
				3BD67E86250FBEDE0091520F /* Modules */,
				3BD67E46250F80C40091520F /* AppDelegate.swift */,
				3BD67E48250F80C40091520F /* SceneDelegate.swift */,
				3BD67E4C250F80C40091520F /* Main.storyboard */,
				3BD67E4F250F80C70091520F /* Assets.xcassets */,
				3BD67E51250F80C70091520F /* LaunchScreen.storyboard */,
				3BD67E54250F80C70091520F /* Info.plist */,
			);
			path = "StackOverflow-FAQ";
			sourceTree = "<group>";
		};
		3BD67E72250FBD1B0091520F /* Entity */ = {
			isa = PBXGroup;
			children = (
				3B0FD8C6250FC11F007A0D2F /* Query */,
				3BD67E82250FBDA10091520F /* Owner */,
				3BD67E81250FBD9B0091520F /* Answer */,
				3BD67E80250FBD940091520F /* Question */,
				3BD67E7F250FBD8C0091520F /* Tag */,
				3B0FD8CD2510FDEF007A0D2F /* ItemProtocol.swift */,
			);
			path = Entity;
			sourceTree = "<group>";
		};
		3BD67E7F250FBD8C0091520F /* Tag */ = {
			isa = PBXGroup;
			children = (
				3BD67E70250FBBD20091520F /* TagItem.swift */,
				3BD67E75250FBD590091520F /* Tag.swift */,
			);
			path = Tag;
			sourceTree = "<group>";
		};
		3BD67E80250FBD940091520F /* Question */ = {
			isa = PBXGroup;
			children = (
				3BD67E68250FB4300091520F /* QuestionItem.swift */,
				3BD67E79250FBD6E0091520F /* Question.swift */,
			);
			path = Question;
			sourceTree = "<group>";
		};
		3BD67E81250FBD9B0091520F /* Answer */ = {
			isa = PBXGroup;
			children = (
				3BD67E6E250FBA0D0091520F /* AnswerItem.swift */,
				3BD67E7B250FBD840091520F /* Answer.swift */,
			);
			path = Answer;
			sourceTree = "<group>";
		};
		3BD67E82250FBDA10091520F /* Owner */ = {
			isa = PBXGroup;
			children = (
				3BD67E7D250FBD890091520F /* Owner.swift */,
			);
			path = Owner;
			sourceTree = "<group>";
		};
		3BD67E86250FBEDE0091520F /* Modules */ = {
			isa = PBXGroup;
			children = (
				3B0FD8D825136189007A0D2F /* Question */,
				3B26696825179D9300584A28 /* Tag */,
				3B0FD8D925136191007A0D2F /* Detail */,
				3BB391AD2516A1EE004C6FB7 /* Answer */,
			);
			path = Modules;
			sourceTree = "<group>";
		};
/* End PBXGroup section */

/* Begin PBXNativeTarget section */
		3BD67E42250F80C40091520F /* StackOverflow-FAQ */ = {
			isa = PBXNativeTarget;
			buildConfigurationList = 3BD67E57250F80C70091520F /* Build configuration list for PBXNativeTarget "StackOverflow-FAQ" */;
			buildPhases = (
				3BD67E3F250F80C40091520F /* Sources */,
				3BD67E40250F80C40091520F /* Frameworks */,
				3BD67E41250F80C40091520F /* Resources */,
			);
			buildRules = (
			);
			dependencies = (
			);
			name = "StackOverflow-FAQ";
			productName = "StackOverflow-FAQ";
			productReference = 3BD67E43250F80C40091520F /* StackOverflow-FAQ.app */;
			productType = "com.apple.product-type.application";
		};
/* End PBXNativeTarget section */

/* Begin PBXProject section */
		3BD67E3B250F80C40091520F /* Project object */ = {
			isa = PBXProject;
			attributes = {
				LastSwiftUpdateCheck = 1160;
				LastUpgradeCheck = 1160;
				ORGANIZATIONNAME = "Artem Golovanev";
				TargetAttributes = {
					3BD67E42250F80C40091520F = {
						CreatedOnToolsVersion = 11.6;
					};
				};
			};
			buildConfigurationList = 3BD67E3E250F80C40091520F /* Build configuration list for PBXProject "StackOverflow-FAQ" */;
			compatibilityVersion = "Xcode 9.3";
			developmentRegion = en;
			hasScannedForEncodings = 0;
			knownRegions = (
				en,
				Base,
			);
			mainGroup = 3BD67E3A250F80C40091520F;
			productRefGroup = 3BD67E44250F80C40091520F /* Products */;
			projectDirPath = "";
			projectRoot = "";
			targets = (
				3BD67E42250F80C40091520F /* StackOverflow-FAQ */,
			);
		};
/* End PBXProject section */

/* Begin PBXResourcesBuildPhase section */
		3BD67E41250F80C40091520F /* Resources */ = {
			isa = PBXResourcesBuildPhase;
			buildActionMask = 2147483647;
			files = (
				3BD67E53250F80C70091520F /* LaunchScreen.storyboard in Resources */,
				3BD67E50250F80C70091520F /* Assets.xcassets in Resources */,
				3BD67E4E250F80C40091520F /* Main.storyboard in Resources */,
			);
			runOnlyForDeploymentPostprocessing = 0;
		};
/* End PBXResourcesBuildPhase section */

/* Begin PBXSourcesBuildPhase section */
		3BD67E3F250F80C40091520F /* Sources */ = {
			isa = PBXSourcesBuildPhase;
			buildActionMask = 2147483647;
			files = (
				3B0FD8C8250FC12B007A0D2F /* Query.swift in Sources */,
				3B2C4BA92517F1B000DBD898 /* TitleLabel.swift in Sources */,
				3BB391B92516AA2A004C6FB7 /* TagCell.swift in Sources */,
				3BB391AF2516A21C004C6FB7 /* AnswerView.swift in Sources */,
				3BB391B52516A24E004C6FB7 /* AnswerCell.swift in Sources */,
				3B0FD8C5250FC105007A0D2F /* SortAnswers.swift in Sources */,
				3BD67E7A250FBD6E0091520F /* Question.swift in Sources */,
				3BD67E65250F829F0091520F /* QuestionCell.swift in Sources */,
				3BD67E61250F82040091520F /* QuestionController.swift in Sources */,
				3BB391B12516A226004C6FB7 /* AnswerController.swift in Sources */,
				3B0FD8CE2510FDEF007A0D2F /* ItemProtocol.swift in Sources */,
				3B0FD8BF250FC0E8007A0D2F /* SortType.swift in Sources */,
				3B2C4BAD2517F2A100DBD898 /* ContentLabel.swift in Sources */,
				3B58FF8F2519410600C9B277 /* UIView.swift in Sources */,
				3BD67E7C250FBD840091520F /* Answer.swift in Sources */,
				3BD67E47250F80C40091520F /* AppDelegate.swift in Sources */,
				3BD67E63250F820C0091520F /* QuestionPresenter.swift in Sources */,
				3B0FD8BD250FC0DF007A0D2F /* FetchType.swift in Sources */,
				3BD67E69250FB4300091520F /* QuestionItem.swift in Sources */,
				3B0FD8D125117B62007A0D2F /* String.swift in Sources */,
				3B2C4BA72517F15300DBD898 /* SeparatorView.swift in Sources */,
				3B0FD8EB2514C47B007A0D2F /* UIViewController.swift in Sources */,
				3BD67E71250FBBD20091520F /* TagItem.swift in Sources */,
				3BD67E5F250F81FB0091520F /* QuestionView.swift in Sources */,
				3B0FD8C3250FC0FA007A0D2F /* SortQuestions.swift in Sources */,
				3B0FD8D525125C72007A0D2F /* DetailController.swift in Sources */,
				3BD67E6F250FBA0D0091520F /* AnswerItem.swift in Sources */,
				3BB391B72516AA02004C6FB7 /* TagView.swift in Sources */,
				3B0FD8D325125C6A007A0D2F /* DetailView.swift in Sources */,
				3BD67E49250F80C40091520F /* SceneDelegate.swift in Sources */,
				3BB391B32516A22E004C6FB7 /* AnswerPresenter.swift in Sources */,
				3BB391AC251699B5004C6FB7 /* NSAttributedString.swift in Sources */,
				3BD67E67250FA35B0091520F /* NetworkService.swift in Sources */,
				3BD67E7E250FBD890091520F /* Owner.swift in Sources */,
				3B0FD8C1250FC0F2007A0D2F /* SortTags.swift in Sources */,
				3B2C4BAB2517F24600DBD898 /* ShowAnswersButton.swift in Sources */,
				3BD67E76250FBD590091520F /* Tag.swift in Sources */,
			);
			runOnlyForDeploymentPostprocessing = 0;
		};
/* End PBXSourcesBuildPhase section */

/* Begin PBXVariantGroup section */
		3BD67E4C250F80C40091520F /* Main.storyboard */ = {
			isa = PBXVariantGroup;
			children = (
				3BD67E4D250F80C40091520F /* Base */,
			);
			name = Main.storyboard;
			sourceTree = "<group>";
		};
		3BD67E51250F80C70091520F /* LaunchScreen.storyboard */ = {
			isa = PBXVariantGroup;
			children = (
				3BD67E52250F80C70091520F /* Base */,
			);
			name = LaunchScreen.storyboard;
			sourceTree = "<group>";
		};
/* End PBXVariantGroup section */

/* Begin XCBuildConfiguration section */
		3BD67E55250F80C70091520F /* Debug */ = {
			isa = XCBuildConfiguration;
			buildSettings = {
				ALWAYS_SEARCH_USER_PATHS = NO;
				CLANG_ANALYZER_NONNULL = YES;
				CLANG_ANALYZER_NUMBER_OBJECT_CONVERSION = YES_AGGRESSIVE;
				CLANG_CXX_LANGUAGE_STANDARD = "gnu++14";
				CLANG_CXX_LIBRARY = "libc++";
				CLANG_ENABLE_MODULES = YES;
				CLANG_ENABLE_OBJC_ARC = YES;
				CLANG_ENABLE_OBJC_WEAK = YES;
				CLANG_WARN_BLOCK_CAPTURE_AUTORELEASING = YES;
				CLANG_WARN_BOOL_CONVERSION = YES;
				CLANG_WARN_COMMA = YES;
				CLANG_WARN_CONSTANT_CONVERSION = YES;
				CLANG_WARN_DEPRECATED_OBJC_IMPLEMENTATIONS = YES;
				CLANG_WARN_DIRECT_OBJC_ISA_USAGE = YES_ERROR;
				CLANG_WARN_DOCUMENTATION_COMMENTS = YES;
				CLANG_WARN_EMPTY_BODY = YES;
				CLANG_WARN_ENUM_CONVERSION = YES;
				CLANG_WARN_INFINITE_RECURSION = YES;
				CLANG_WARN_INT_CONVERSION = YES;
				CLANG_WARN_NON_LITERAL_NULL_CONVERSION = YES;
				CLANG_WARN_OBJC_IMPLICIT_RETAIN_SELF = YES;
				CLANG_WARN_OBJC_LITERAL_CONVERSION = YES;
				CLANG_WARN_OBJC_ROOT_CLASS = YES_ERROR;
				CLANG_WARN_RANGE_LOOP_ANALYSIS = YES;
				CLANG_WARN_STRICT_PROTOTYPES = YES;
				CLANG_WARN_SUSPICIOUS_MOVE = YES;
				CLANG_WARN_UNGUARDED_AVAILABILITY = YES_AGGRESSIVE;
				CLANG_WARN_UNREACHABLE_CODE = YES;
				CLANG_WARN__DUPLICATE_METHOD_MATCH = YES;
				COPY_PHASE_STRIP = NO;
				DEBUG_INFORMATION_FORMAT = dwarf;
				ENABLE_STRICT_OBJC_MSGSEND = YES;
				ENABLE_TESTABILITY = YES;
				GCC_C_LANGUAGE_STANDARD = gnu11;
				GCC_DYNAMIC_NO_PIC = NO;
				GCC_NO_COMMON_BLOCKS = YES;
				GCC_OPTIMIZATION_LEVEL = 0;
				GCC_PREPROCESSOR_DEFINITIONS = (
					"DEBUG=1",
					"$(inherited)",
				);
				GCC_WARN_64_TO_32_BIT_CONVERSION = YES;
				GCC_WARN_ABOUT_RETURN_TYPE = YES_ERROR;
				GCC_WARN_UNDECLARED_SELECTOR = YES;
				GCC_WARN_UNINITIALIZED_AUTOS = YES_AGGRESSIVE;
				GCC_WARN_UNUSED_FUNCTION = YES;
				GCC_WARN_UNUSED_VARIABLE = YES;
				IPHONEOS_DEPLOYMENT_TARGET = 13.6;
				MTL_ENABLE_DEBUG_INFO = INCLUDE_SOURCE;
				MTL_FAST_MATH = YES;
				ONLY_ACTIVE_ARCH = YES;
				SDKROOT = iphoneos;
				SWIFT_ACTIVE_COMPILATION_CONDITIONS = DEBUG;
				SWIFT_OPTIMIZATION_LEVEL = "-Onone";
			};
			name = Debug;
		};
		3BD67E56250F80C70091520F /* Release */ = {
			isa = XCBuildConfiguration;
			buildSettings = {
				ALWAYS_SEARCH_USER_PATHS = NO;
				CLANG_ANALYZER_NONNULL = YES;
				CLANG_ANALYZER_NUMBER_OBJECT_CONVERSION = YES_AGGRESSIVE;
				CLANG_CXX_LANGUAGE_STANDARD = "gnu++14";
				CLANG_CXX_LIBRARY = "libc++";
				CLANG_ENABLE_MODULES = YES;
				CLANG_ENABLE_OBJC_ARC = YES;
				CLANG_ENABLE_OBJC_WEAK = YES;
				CLANG_WARN_BLOCK_CAPTURE_AUTORELEASING = YES;
				CLANG_WARN_BOOL_CONVERSION = YES;
				CLANG_WARN_COMMA = YES;
				CLANG_WARN_CONSTANT_CONVERSION = YES;
				CLANG_WARN_DEPRECATED_OBJC_IMPLEMENTATIONS = YES;
				CLANG_WARN_DIRECT_OBJC_ISA_USAGE = YES_ERROR;
				CLANG_WARN_DOCUMENTATION_COMMENTS = YES;
				CLANG_WARN_EMPTY_BODY = YES;
				CLANG_WARN_ENUM_CONVERSION = YES;
				CLANG_WARN_INFINITE_RECURSION = YES;
				CLANG_WARN_INT_CONVERSION = YES;
				CLANG_WARN_NON_LITERAL_NULL_CONVERSION = YES;
				CLANG_WARN_OBJC_IMPLICIT_RETAIN_SELF = YES;
				CLANG_WARN_OBJC_LITERAL_CONVERSION = YES;
				CLANG_WARN_OBJC_ROOT_CLASS = YES_ERROR;
				CLANG_WARN_RANGE_LOOP_ANALYSIS = YES;
				CLANG_WARN_STRICT_PROTOTYPES = YES;
				CLANG_WARN_SUSPICIOUS_MOVE = YES;
				CLANG_WARN_UNGUARDED_AVAILABILITY = YES_AGGRESSIVE;
				CLANG_WARN_UNREACHABLE_CODE = YES;
				CLANG_WARN__DUPLICATE_METHOD_MATCH = YES;
				COPY_PHASE_STRIP = NO;
				DEBUG_INFORMATION_FORMAT = "dwarf-with-dsym";
				ENABLE_NS_ASSERTIONS = NO;
				ENABLE_STRICT_OBJC_MSGSEND = YES;
				GCC_C_LANGUAGE_STANDARD = gnu11;
				GCC_NO_COMMON_BLOCKS = YES;
				GCC_WARN_64_TO_32_BIT_CONVERSION = YES;
				GCC_WARN_ABOUT_RETURN_TYPE = YES_ERROR;
				GCC_WARN_UNDECLARED_SELECTOR = YES;
				GCC_WARN_UNINITIALIZED_AUTOS = YES_AGGRESSIVE;
				GCC_WARN_UNUSED_FUNCTION = YES;
				GCC_WARN_UNUSED_VARIABLE = YES;
				IPHONEOS_DEPLOYMENT_TARGET = 13.6;
				MTL_ENABLE_DEBUG_INFO = NO;
				MTL_FAST_MATH = YES;
				SDKROOT = iphoneos;
				SWIFT_COMPILATION_MODE = wholemodule;
				SWIFT_OPTIMIZATION_LEVEL = "-O";
				VALIDATE_PRODUCT = YES;
			};
			name = Release;
		};
		3BD67E58250F80C70091520F /* Debug */ = {
			isa = XCBuildConfiguration;
			buildSettings = {
				ASSETCATALOG_COMPILER_APPICON_NAME = AppIcon;
				CODE_SIGN_STYLE = Automatic;
				DEVELOPMENT_TEAM = 8474UDANMR;
				INFOPLIST_FILE = "StackOverflow-FAQ/Info.plist";
				LD_RUNPATH_SEARCH_PATHS = (
					"$(inherited)",
					"@executable_path/Frameworks",
				);
				PRODUCT_BUNDLE_IDENTIFIER = "com.antybred.StackOverflow-FAQ.StackOverflow-FAQ";
				PRODUCT_NAME = "$(TARGET_NAME)";
				SWIFT_VERSION = 5.0;
				TARGETED_DEVICE_FAMILY = 1;
			};
			name = Debug;
		};
		3BD67E59250F80C70091520F /* Release */ = {
			isa = XCBuildConfiguration;
			buildSettings = {
				ASSETCATALOG_COMPILER_APPICON_NAME = AppIcon;
				CODE_SIGN_STYLE = Automatic;
				DEVELOPMENT_TEAM = 8474UDANMR;
				INFOPLIST_FILE = "StackOverflow-FAQ/Info.plist";
				LD_RUNPATH_SEARCH_PATHS = (
					"$(inherited)",
					"@executable_path/Frameworks",
				);
				PRODUCT_BUNDLE_IDENTIFIER = "com.antybred.StackOverflow-FAQ.StackOverflow-FAQ";
				PRODUCT_NAME = "$(TARGET_NAME)";
				SWIFT_VERSION = 5.0;
				TARGETED_DEVICE_FAMILY = 1;
			};
			name = Release;
		};
/* End XCBuildConfiguration section */

/* Begin XCConfigurationList section */
		3BD67E3E250F80C40091520F /* Build configuration list for PBXProject "StackOverflow-FAQ" */ = {
			isa = XCConfigurationList;
			buildConfigurations = (
				3BD67E55250F80C70091520F /* Debug */,
				3BD67E56250F80C70091520F /* Release */,
			);
			defaultConfigurationIsVisible = 0;
			defaultConfigurationName = Release;
		};
		3BD67E57250F80C70091520F /* Build configuration list for PBXNativeTarget "StackOverflow-FAQ" */ = {
			isa = XCConfigurationList;
			buildConfigurations = (
				3BD67E58250F80C70091520F /* Debug */,
				3BD67E59250F80C70091520F /* Release */,
			);
			defaultConfigurationIsVisible = 0;
			defaultConfigurationName = Release;
		};
/* End XCConfigurationList section */
	};
	rootObject = 3BD67E3B250F80C40091520F /* Project object */;
}
